
Microsoft Visual Studio Solution File, Format Version 12.00
# Visual Studio Version 17
VisualStudioVersion = 17.3.32929.385
MinimumVisualStudioVersion = 10.0.40219.1
Project("{FAE04EC0-301F-11D3-BF4B-00C04F79EFBC}") = "EstruturaSequencial", "Practice\EstruturaSequencial.csproj", "{927B26AD-3071-40FB-AA08-20F282A3A409}"
EndProject
Project("{FAE04EC0-301F-11D3-BF4B-00C04F79EFBC}") = "EstruturaCondicional", "EstruturaSequencial\EstruturaCondicional.csproj", "{947D35E0-3F0D-4063-8C5D-AD358437E84D}"
EndProject
Project("{FAE04EC0-301F-11D3-BF4B-00C04F79EFBC}") = "EstruturaWhile", "EstruturaWhile\EstruturaWhile.csproj", "{D49CE77B-A2C9-491D-BE60-09596AE7BD59}"
EndProject
Project("{FAE04EC0-301F-11D3-BF4B-00C04F79EFBC}") = "EstrururaFor", "EstrururaFor\EstrururaFor.csproj", "{262A541F-AC30-4D9B-AA5E-B863C18D738A}"
EndProject
Global
	GlobalSection(SolutionConfigurationPlatforms) = preSolution
		Debug|Any CPU = Debug|Any CPU
		Release|Any CPU = Release|Any CPU
	EndGlobalSection
	GlobalSection(ProjectConfigurationPlatforms) = postSolution
		{927B26AD-3071-40FB-AA08-20F282A3A409}.Debug|Any CPU.ActiveCfg = Debug|Any CPU
		{927B26AD-3071-40FB-AA08-20F282A3A409}.Debug|Any CPU.Build.0 = Debug|Any CPU
		{927B26AD-3071-40FB-AA08-20F282A3A409}.Release|Any CPU.ActiveCfg = Release|Any CPU
		{927B26AD-3071-40FB-AA08-20F282A3A409}.Release|Any CPU.Build.0 = Release|Any CPU
		{947D35E0-3F0D-4063-8C5D-AD358437E84D}.Debug|Any CPU.ActiveCfg = Debug|Any CPU
		{947D35E0-3F0D-4063-8C5D-AD358437E84D}.Debug|Any CPU.Build.0 = Debug|Any CPU
		{947D35E0-3F0D-4063-8C5D-AD358437E84D}.Release|Any CPU.ActiveCfg = Release|Any CPU
		{947D35E0-3F0D-4063-8C5D-AD358437E84D}.Release|Any CPU.Build.0 = Release|Any CPU
		{D49CE77B-A2C9-491D-BE60-09596AE7BD59}.Debug|Any CPU.ActiveCfg = Debug|Any CPU
		{D49CE77B-A2C9-491D-BE60-09596AE7BD59}.Debug|Any CPU.Build.0 = Debug|Any CPU
		{D49CE77B-A2C9-491D-BE60-09596AE7BD59}.Release|Any CPU.ActiveCfg = Release|Any CPU
		{D49CE77B-A2C9-491D-BE60-09596AE7BD59}.Release|Any CPU.Build.0 = Release|Any CPU
		{262A541F-AC30-4D9B-AA5E-B863C18D738A}.Debug|Any CPU.ActiveCfg = Debug|Any CPU
		{262A541F-AC30-4D9B-AA5E-B863C18D738A}.Debug|Any CPU.Build.0 = Debug|Any CPU
		{262A541F-AC30-4D9B-AA5E-B863C18D738A}.Release|Any CPU.ActiveCfg = Release|Any CPU
		{262A541F-AC30-4D9B-AA5E-B863C18D738A}.Release|Any CPU.Build.0 = Release|Any CPU
	EndGlobalSection
	GlobalSection(SolutionProperties) = preSolution
		HideSolutionNode = FALSE
	EndGlobalSection
	GlobalSection(ExtensibilityGlobals) = postSolution
		SolutionGuid = {DBAEE9DF-DE71-42D3-829E-A91021505823}
	EndGlobalSection
EndGlobal
